
Microsoft Visual Studio Solution File, Format Version 12.00
# Visual Studio Version 17
VisualStudioVersion = 17.12.35707.178
MinimumVisualStudioVersion = 10.0.40219.1
Project("{FAE04EC0-301F-11D3-BF4B-00C04F79EFBC}") = "ApiRestaurante", "ApiRestaurante\ApiRestaurante.csproj", "{6FD64F71-9881-456F-B5F5-2FC116293DDE}"
EndProject
Project("{FAE04EC0-301F-11D3-BF4B-00C04F79EFBC}") = "ApiRestaurante.Tests", "ApiRestaurante.Tests\ApiRestaurante.Tests.csproj", "{5C2DAF23-1BD2-4538-ADEC-626E678C1229}"
EndProject
Global
	GlobalSection(SolutionConfigurationPlatforms) = preSolution
		Debug|Any CPU = Debug|Any CPU
		Debug|x64 = Debug|x64
		Debug|x86 = Debug|x86
		Release|Any CPU = Release|Any CPU
		Release|x64 = Release|x64
		Release|x86 = Release|x86
	EndGlobalSection
	GlobalSection(ProjectConfigurationPlatforms) = postSolution
		{6FD64F71-9881-456F-B5F5-2FC116293DDE}.Debug|Any CPU.ActiveCfg = Debug|Any CPU
		{6FD64F71-9881-456F-B5F5-2FC116293DDE}.Debug|Any CPU.Build.0 = Debug|Any CPU
		{6FD64F71-9881-456F-B5F5-2FC116293DDE}.Debug|x64.ActiveCfg = Debug|Any CPU
		{6FD64F71-9881-456F-B5F5-2FC116293DDE}.Debug|x64.Build.0 = Debug|Any CPU
		{6FD64F71-9881-456F-B5F5-2FC116293DDE}.Debug|x86.ActiveCfg = Debug|Any CPU
		{6FD64F71-9881-456F-B5F5-2FC116293DDE}.Debug|x86.Build.0 = Debug|Any CPU
		{6FD64F71-9881-456F-B5F5-2FC116293DDE}.Release|Any CPU.ActiveCfg = Release|Any CPU
		{6FD64F71-9881-456F-B5F5-2FC116293DDE}.Release|Any CPU.Build.0 = Release|Any CPU
		{6FD64F71-9881-456F-B5F5-2FC116293DDE}.Release|x64.ActiveCfg = Release|Any CPU
		{6FD64F71-9881-456F-B5F5-2FC116293DDE}.Release|x64.Build.0 = Release|Any CPU
		{6FD64F71-9881-456F-B5F5-2FC116293DDE}.Release|x86.ActiveCfg = Release|Any CPU
		{6FD64F71-9881-456F-B5F5-2FC116293DDE}.Release|x86.Build.0 = Release|Any CPU
		{5C2DAF23-1BD2-4538-ADEC-626E678C1229}.Debug|Any CPU.ActiveCfg = Debug|Any CPU
		{5C2DAF23-1BD2-4538-ADEC-626E678C1229}.Debug|Any CPU.Build.0 = Debug|Any CPU
		{5C2DAF23-1BD2-4538-ADEC-626E678C1229}.Debug|x64.ActiveCfg = Debug|Any CPU
		{5C2DAF23-1BD2-4538-ADEC-626E678C1229}.Debug|x64.Build.0 = Debug|Any CPU
		{5C2DAF23-1BD2-4538-ADEC-626E678C1229}.Debug|x86.ActiveCfg = Debug|Any CPU
		{5C2DAF23-1BD2-4538-ADEC-626E678C1229}.Debug|x86.Build.0 = Debug|Any CPU
		{5C2DAF23-1BD2-4538-ADEC-626E678C1229}.Release|Any CPU.ActiveCfg = Release|Any CPU
		{5C2DAF23-1BD2-4538-ADEC-626E678C1229}.Release|Any CPU.Build.0 = Release|Any CPU
		{5C2DAF23-1BD2-4538-ADEC-626E678C1229}.Release|x64.ActiveCfg = Release|Any CPU
		{5C2DAF23-1BD2-4538-ADEC-626E678C1229}.Release|x64.Build.0 = Release|Any CPU
		{5C2DAF23-1BD2-4538-ADEC-626E678C1229}.Release|x86.ActiveCfg = Release|Any CPU
		{5C2DAF23-1BD2-4538-ADEC-626E678C1229}.Release|x86.Build.0 = Release|Any CPU
	EndGlobalSection
	GlobalSection(SolutionProperties) = preSolution
		HideSolutionNode = FALSE
	EndGlobalSection
EndGlobal
